// !$*UTF8*$!
{
	archiveVersion = 1;
	classes = {
	};
	objectVersion = 56;
	objects = {

/* Begin PBXBuildFile section */
		50DFC8772967BAF4007CED07 /* GraphicBossApp.swift in Sources */ = {isa = PBXBuildFile; fileRef = 50DFC8762967BAF4007CED07 /* GraphicBossApp.swift */; };
		50DFC8792967BAF4007CED07 /* ContentView.swift in Sources */ = {isa = PBXBuildFile; fileRef = 50DFC8782967BAF4007CED07 /* ContentView.swift */; };
		50DFC87B2967BAF5007CED07 /* Assets.xcassets in Resources */ = {isa = PBXBuildFile; fileRef = 50DFC87A2967BAF5007CED07 /* Assets.xcassets */; };
		50DFC87E2967BAF5007CED07 /* Preview Assets.xcassets in Resources */ = {isa = PBXBuildFile; fileRef = 50DFC87D2967BAF5007CED07 /* Preview Assets.xcassets */; };
		50DFC8882967BAF5007CED07 /* GraphicBossTests.swift in Sources */ = {isa = PBXBuildFile; fileRef = 50DFC8872967BAF5007CED07 /* GraphicBossTests.swift */; };
		50DFC8922967BAF5007CED07 /* GraphicBossUITests.swift in Sources */ = {isa = PBXBuildFile; fileRef = 50DFC8912967BAF5007CED07 /* GraphicBossUITests.swift */; };
		50DFC8942967BAF5007CED07 /* GraphicBossUITestsLaunchTests.swift in Sources */ = {isa = PBXBuildFile; fileRef = 50DFC8932967BAF5007CED07 /* GraphicBossUITestsLaunchTests.swift */; };
		50DFC8A42967C434007CED07 /* TabBar.swift in Sources */ = {isa = PBXBuildFile; fileRef = 50DFC8A32967C434007CED07 /* TabBar.swift */; };
		50DFC8A62967C849007CED07 /* Today.swift in Sources */ = {isa = PBXBuildFile; fileRef = 50DFC8A52967C849007CED07 /* Today.swift */; };
		50DFC8A92967D622007CED07 /* TodayItem.swift in Sources */ = {isa = PBXBuildFile; fileRef = 50DFC8A82967D622007CED07 /* TodayItem.swift */; };
		50DFC8AB2968B9BF007CED07 /* TodayCardView.swift in Sources */ = {isa = PBXBuildFile; fileRef = 50DFC8AA2968B9BF007CED07 /* TodayCardView.swift */; };
		50DFC8AD2968CBFC007CED07 /* Detail.swift in Sources */ = {isa = PBXBuildFile; fileRef = 50DFC8AC2968CBFC007CED07 /* Detail.swift */; };
		50DFC8B02968E578007CED07 /* DetailViewModel.swift in Sources */ = {isa = PBXBuildFile; fileRef = 50DFC8AF2968E578007CED07 /* DetailViewModel.swift */; };
/* End PBXBuildFile section */

/* Begin PBXContainerItemProxy section */
		50DFC8842967BAF5007CED07 /* PBXContainerItemProxy */ = {
			isa = PBXContainerItemProxy;
			containerPortal = 50DFC86B2967BAF4007CED07 /* Project object */;
			proxyType = 1;
			remoteGlobalIDString = 50DFC8722967BAF4007CED07;
			remoteInfo = GraphicBoss;
		};
		50DFC88E2967BAF5007CED07 /* PBXContainerItemProxy */ = {
			isa = PBXContainerItemProxy;
			containerPortal = 50DFC86B2967BAF4007CED07 /* Project object */;
			proxyType = 1;
			remoteGlobalIDString = 50DFC8722967BAF4007CED07;
			remoteInfo = GraphicBoss;
		};
/* End PBXContainerItemProxy section */

/* Begin PBXFileReference section */
		50DFC8732967BAF4007CED07 /* GraphicBoss.app */ = {isa = PBXFileReference; explicitFileType = wrapper.application; includeInIndex = 0; path = GraphicBoss.app; sourceTree = BUILT_PRODUCTS_DIR; };
		50DFC8762967BAF4007CED07 /* GraphicBossApp.swift */ = {isa = PBXFileReference; lastKnownFileType = sourcecode.swift; path = GraphicBossApp.swift; sourceTree = "<group>"; };
		50DFC8782967BAF4007CED07 /* ContentView.swift */ = {isa = PBXFileReference; lastKnownFileType = sourcecode.swift; path = ContentView.swift; sourceTree = "<group>"; };
		50DFC87A2967BAF5007CED07 /* Assets.xcassets */ = {isa = PBXFileReference; lastKnownFileType = folder.assetcatalog; path = Assets.xcassets; sourceTree = "<group>"; };
		50DFC87D2967BAF5007CED07 /* Preview Assets.xcassets */ = {isa = PBXFileReference; lastKnownFileType = folder.assetcatalog; path = "Preview Assets.xcassets"; sourceTree = "<group>"; };
		50DFC8832967BAF5007CED07 /* GraphicBossTests.xctest */ = {isa = PBXFileReference; explicitFileType = wrapper.cfbundle; includeInIndex = 0; path = GraphicBossTests.xctest; sourceTree = BUILT_PRODUCTS_DIR; };
		50DFC8872967BAF5007CED07 /* GraphicBossTests.swift */ = {isa = PBXFileReference; lastKnownFileType = sourcecode.swift; path = GraphicBossTests.swift; sourceTree = "<group>"; };
		50DFC88D2967BAF5007CED07 /* GraphicBossUITests.xctest */ = {isa = PBXFileReference; explicitFileType = wrapper.cfbundle; includeInIndex = 0; path = GraphicBossUITests.xctest; sourceTree = BUILT_PRODUCTS_DIR; };
		50DFC8912967BAF5007CED07 /* GraphicBossUITests.swift */ = {isa = PBXFileReference; lastKnownFileType = sourcecode.swift; path = GraphicBossUITests.swift; sourceTree = "<group>"; };
		50DFC8932967BAF5007CED07 /* GraphicBossUITestsLaunchTests.swift */ = {isa = PBXFileReference; lastKnownFileType = sourcecode.swift; path = GraphicBossUITestsLaunchTests.swift; sourceTree = "<group>"; };
		50DFC8A32967C434007CED07 /* TabBar.swift */ = {isa = PBXFileReference; lastKnownFileType = sourcecode.swift; path = TabBar.swift; sourceTree = "<group>"; };
		50DFC8A52967C849007CED07 /* Today.swift */ = {isa = PBXFileReference; lastKnownFileType = sourcecode.swift; path = Today.swift; sourceTree = "<group>"; };
		50DFC8A82967D622007CED07 /* TodayItem.swift */ = {isa = PBXFileReference; lastKnownFileType = sourcecode.swift; path = TodayItem.swift; sourceTree = "<group>"; };
		50DFC8AA2968B9BF007CED07 /* TodayCardView.swift */ = {isa = PBXFileReference; lastKnownFileType = sourcecode.swift; path = TodayCardView.swift; sourceTree = "<group>"; };
		50DFC8AC2968CBFC007CED07 /* Detail.swift */ = {isa = PBXFileReference; lastKnownFileType = sourcecode.swift; path = Detail.swift; sourceTree = "<group>"; };
		50DFC8AF2968E578007CED07 /* DetailViewModel.swift */ = {isa = PBXFileReference; lastKnownFileType = sourcecode.swift; path = DetailViewModel.swift; sourceTree = "<group>"; };
/* End PBXFileReference section */

/* Begin PBXFrameworksBuildPhase section */
		50DFC8702967BAF4007CED07 /* Frameworks */ = {
			isa = PBXFrameworksBuildPhase;
			buildActionMask = 2147483647;
			files = (
			);
			runOnlyForDeploymentPostprocessing = 0;
		};
		50DFC8802967BAF5007CED07 /* Frameworks */ = {
			isa = PBXFrameworksBuildPhase;
			buildActionMask = 2147483647;
			files = (
			);
			runOnlyForDeploymentPostprocessing = 0;
		};
		50DFC88A2967BAF5007CED07 /* Frameworks */ = {
			isa = PBXFrameworksBuildPhase;
			buildActionMask = 2147483647;
			files = (
			);
			runOnlyForDeploymentPostprocessing = 0;
		};
/* End PBXFrameworksBuildPhase section */

/* Begin PBXGroup section */
		50DFC86A2967BAF4007CED07 = {
			isa = PBXGroup;
			children = (
				50DFC8752967BAF4007CED07 /* GraphicBoss */,
				50DFC8862967BAF5007CED07 /* GraphicBossTests */,
				50DFC8902967BAF5007CED07 /* GraphicBossUITests */,
				50DFC8742967BAF4007CED07 /* Products */,
			);
			sourceTree = "<group>";
		};
		50DFC8742967BAF4007CED07 /* Products */ = {
			isa = PBXGroup;
			children = (
				50DFC8732967BAF4007CED07 /* GraphicBoss.app */,
				50DFC8832967BAF5007CED07 /* GraphicBossTests.xctest */,
				50DFC88D2967BAF5007CED07 /* GraphicBossUITests.xctest */,
			);
			name = Products;
			sourceTree = "<group>";
		};
		50DFC8752967BAF4007CED07 /* GraphicBoss */ = {
			isa = PBXGroup;
			children = (
				50DFC8AE2968E53A007CED07 /* ViewModel */,
				50DFC8762967BAF4007CED07 /* GraphicBossApp.swift */,
				50DFC8A72967D5F2007CED07 /* Models */,
				50DFC8A02967BD30007CED07 /* Views */,
				50DFC87A2967BAF5007CED07 /* Assets.xcassets */,
				50DFC87C2967BAF5007CED07 /* Preview Content */,
			);
			path = GraphicBoss;
			sourceTree = "<group>";
		};
		50DFC87C2967BAF5007CED07 /* Preview Content */ = {
			isa = PBXGroup;
			children = (
				50DFC87D2967BAF5007CED07 /* Preview Assets.xcassets */,
			);
			path = "Preview Content";
			sourceTree = "<group>";
		};
		50DFC8862967BAF5007CED07 /* GraphicBossTests */ = {
			isa = PBXGroup;
			children = (
				50DFC8872967BAF5007CED07 /* GraphicBossTests.swift */,
			);
			path = GraphicBossTests;
			sourceTree = "<group>";
		};
		50DFC8902967BAF5007CED07 /* GraphicBossUITests */ = {
			isa = PBXGroup;
			children = (
				50DFC8912967BAF5007CED07 /* GraphicBossUITests.swift */,
				50DFC8932967BAF5007CED07 /* GraphicBossUITestsLaunchTests.swift */,
			);
			path = GraphicBossUITests;
			sourceTree = "<group>";
		};
		50DFC8A02967BD30007CED07 /* Views */ = {
			isa = PBXGroup;
			children = (
				50DFC8782967BAF4007CED07 /* ContentView.swift */,
				50DFC8A32967C434007CED07 /* TabBar.swift */,
				50DFC8A52967C849007CED07 /* Today.swift */,
				50DFC8AA2968B9BF007CED07 /* TodayCardView.swift */,
				50DFC8AC2968CBFC007CED07 /* Detail.swift */,
			);
			path = Views;
			sourceTree = "<group>";
		};
		50DFC8A72967D5F2007CED07 /* Models */ = {
			isa = PBXGroup;
			children = (
				50DFC8A82967D622007CED07 /* TodayItem.swift */,
			);
			path = Models;
			sourceTree = "<group>";
		};
		50DFC8AE2968E53A007CED07 /* ViewModel */ = {
			isa = PBXGroup;
			children = (
				50DFC8AF2968E578007CED07 /* DetailViewModel.swift */,
			);
			path = ViewModel;
			sourceTree = "<group>";
		};
/* End PBXGroup section */

/* Begin PBXNativeTarget section */
		50DFC8722967BAF4007CED07 /* GraphicBoss */ = {
			isa = PBXNativeTarget;
			buildConfigurationList = 50DFC8972967BAF5007CED07 /* Build configuration list for PBXNativeTarget "GraphicBoss" */;
			buildPhases = (
				50DFC86F2967BAF4007CED07 /* Sources */,
				50DFC8702967BAF4007CED07 /* Frameworks */,
				50DFC8712967BAF4007CED07 /* Resources */,
			);
			buildRules = (
			);
			dependencies = (
			);
			name = GraphicBoss;
			productName = GraphicBoss;
			productReference = 50DFC8732967BAF4007CED07 /* GraphicBoss.app */;
			productType = "com.apple.product-type.application";
		};
		50DFC8822967BAF5007CED07 /* GraphicBossTests */ = {
			isa = PBXNativeTarget;
			buildConfigurationList = 50DFC89A2967BAF5007CED07 /* Build configuration list for PBXNativeTarget "GraphicBossTests" */;
			buildPhases = (
				50DFC87F2967BAF5007CED07 /* Sources */,
				50DFC8802967BAF5007CED07 /* Frameworks */,
				50DFC8812967BAF5007CED07 /* Resources */,
			);
			buildRules = (
			);
			dependencies = (
				50DFC8852967BAF5007CED07 /* PBXTargetDependency */,
			);
			name = GraphicBossTests;
			productName = GraphicBossTests;
			productReference = 50DFC8832967BAF5007CED07 /* GraphicBossTests.xctest */;
			productType = "com.apple.product-type.bundle.unit-test";
		};
		50DFC88C2967BAF5007CED07 /* GraphicBossUITests */ = {
			isa = PBXNativeTarget;
			buildConfigurationList = 50DFC89D2967BAF5007CED07 /* Build configuration list for PBXNativeTarget "GraphicBossUITests" */;
			buildPhases = (
				50DFC8892967BAF5007CED07 /* Sources */,
				50DFC88A2967BAF5007CED07 /* Frameworks */,
				50DFC88B2967BAF5007CED07 /* Resources */,
			);
			buildRules = (
			);
			dependencies = (
				50DFC88F2967BAF5007CED07 /* PBXTargetDependency */,
			);
			name = GraphicBossUITests;
			productName = GraphicBossUITests;
			productReference = 50DFC88D2967BAF5007CED07 /* GraphicBossUITests.xctest */;
			productType = "com.apple.product-type.bundle.ui-testing";
		};
/* End PBXNativeTarget section */

/* Begin PBXProject section */
		50DFC86B2967BAF4007CED07 /* Project object */ = {
			isa = PBXProject;
			attributes = {
				BuildIndependentTargetsInParallel = 1;
				LastSwiftUpdateCheck = 1420;
				LastUpgradeCheck = 1420;
				TargetAttributes = {
					50DFC8722967BAF4007CED07 = {
						CreatedOnToolsVersion = 14.2;
					};
					50DFC8822967BAF5007CED07 = {
						CreatedOnToolsVersion = 14.2;
						TestTargetID = 50DFC8722967BAF4007CED07;
					};
					50DFC88C2967BAF5007CED07 = {
						CreatedOnToolsVersion = 14.2;
						TestTargetID = 50DFC8722967BAF4007CED07;
					};
				};
			};
			buildConfigurationList = 50DFC86E2967BAF4007CED07 /* Build configuration list for PBXProject "GraphicBoss" */;
			compatibilityVersion = "Xcode 14.0";
			developmentRegion = en;
			hasScannedForEncodings = 0;
			knownRegions = (
				en,
				Base,
			);
			mainGroup = 50DFC86A2967BAF4007CED07;
			productRefGroup = 50DFC8742967BAF4007CED07 /* Products */;
			projectDirPath = "";
			projectRoot = "";
			targets = (
				50DFC8722967BAF4007CED07 /* GraphicBoss */,
				50DFC8822967BAF5007CED07 /* GraphicBossTests */,
				50DFC88C2967BAF5007CED07 /* GraphicBossUITests */,
			);
		};
/* End PBXProject section */

/* Begin PBXResourcesBuildPhase section */
		50DFC8712967BAF4007CED07 /* Resources */ = {
			isa = PBXResourcesBuildPhase;
			buildActionMask = 2147483647;
			files = (
				50DFC87E2967BAF5007CED07 /* Preview Assets.xcassets in Resources */,
				50DFC87B2967BAF5007CED07 /* Assets.xcassets in Resources */,
			);
			runOnlyForDeploymentPostprocessing = 0;
		};
		50DFC8812967BAF5007CED07 /* Resources */ = {
			isa = PBXResourcesBuildPhase;
			buildActionMask = 2147483647;
			files = (
			);
			runOnlyForDeploymentPostprocessing = 0;
		};
		50DFC88B2967BAF5007CED07 /* Resources */ = {
			isa = PBXResourcesBuildPhase;
			buildActionMask = 2147483647;
			files = (
			);
			runOnlyForDeploymentPostprocessing = 0;
		};
/* End PBXResourcesBuildPhase section */

/* Begin PBXSourcesBuildPhase section */
		50DFC86F2967BAF4007CED07 /* Sources */ = {
			isa = PBXSourcesBuildPhase;
			buildActionMask = 2147483647;
			files = (
				50DFC8AB2968B9BF007CED07 /* TodayCardView.swift in Sources */,
				50DFC8AD2968CBFC007CED07 /* Detail.swift in Sources */,
				50DFC8A42967C434007CED07 /* TabBar.swift in Sources */,
				50DFC8A92967D622007CED07 /* TodayItem.swift in Sources */,
				50DFC8792967BAF4007CED07 /* ContentView.swift in Sources */,
				50DFC8772967BAF4007CED07 /* GraphicBossApp.swift in Sources */,
				50DFC8A62967C849007CED07 /* Today.swift in Sources */,
				50DFC8B02968E578007CED07 /* DetailViewModel.swift in Sources */,
			);
			runOnlyForDeploymentPostprocessing = 0;
		};
		50DFC87F2967BAF5007CED07 /* Sources */ = {
			isa = PBXSourcesBuildPhase;
			buildActionMask = 2147483647;
			files = (
				50DFC8882967BAF5007CED07 /* GraphicBossTests.swift in Sources */,
			);
			runOnlyForDeploymentPostprocessing = 0;
		};
		50DFC8892967BAF5007CED07 /* Sources */ = {
			isa = PBXSourcesBuildPhase;
			buildActionMask = 2147483647;
			files = (
				50DFC8942967BAF5007CED07 /* GraphicBossUITestsLaunchTests.swift in Sources */,
				50DFC8922967BAF5007CED07 /* GraphicBossUITests.swift in Sources */,
			);
			runOnlyForDeploymentPostprocessing = 0;
		};
/* End PBXSourcesBuildPhase section */

/* Begin PBXTargetDependency section */
		50DFC8852967BAF5007CED07 /* PBXTargetDependency */ = {
			isa = PBXTargetDependency;
			target = 50DFC8722967BAF4007CED07 /* GraphicBoss */;
			targetProxy = 50DFC8842967BAF5007CED07 /* PBXContainerItemProxy */;
		};
		50DFC88F2967BAF5007CED07 /* PBXTargetDependency */ = {
			isa = PBXTargetDependency;
			target = 50DFC8722967BAF4007CED07 /* GraphicBoss */;
			targetProxy = 50DFC88E2967BAF5007CED07 /* PBXContainerItemProxy */;
		};
/* End PBXTargetDependency section */

/* Begin XCBuildConfiguration section */
		50DFC8952967BAF5007CED07 /* Debug */ = {
			isa = XCBuildConfiguration;
			buildSettings = {
				ALWAYS_SEARCH_USER_PATHS = NO;
				CLANG_ANALYZER_NONNULL = YES;
				CLANG_ANALYZER_NUMBER_OBJECT_CONVERSION = YES_AGGRESSIVE;
				CLANG_CXX_LANGUAGE_STANDARD = "gnu++20";
				CLANG_ENABLE_MODULES = YES;
				CLANG_ENABLE_OBJC_ARC = YES;
				CLANG_ENABLE_OBJC_WEAK = YES;
				CLANG_WARN_BLOCK_CAPTURE_AUTORELEASING = YES;
				CLANG_WARN_BOOL_CONVERSION = YES;
				CLANG_WARN_COMMA = YES;
				CLANG_WARN_CONSTANT_CONVERSION = YES;
				CLANG_WARN_DEPRECATED_OBJC_IMPLEMENTATIONS = YES;
				CLANG_WARN_DIRECT_OBJC_ISA_USAGE = YES_ERROR;
				CLANG_WARN_DOCUMENTATION_COMMENTS = YES;
				CLANG_WARN_EMPTY_BODY = YES;
				CLANG_WARN_ENUM_CONVERSION = YES;
				CLANG_WARN_INFINITE_RECURSION = YES;
				CLANG_WARN_INT_CONVERSION = YES;
				CLANG_WARN_NON_LITERAL_NULL_CONVERSION = YES;
				CLANG_WARN_OBJC_IMPLICIT_RETAIN_SELF = YES;
				CLANG_WARN_OBJC_LITERAL_CONVERSION = YES;
				CLANG_WARN_OBJC_ROOT_CLASS = YES_ERROR;
				CLANG_WARN_QUOTED_INCLUDE_IN_FRAMEWORK_HEADER = YES;
				CLANG_WARN_RANGE_LOOP_ANALYSIS = YES;
				CLANG_WARN_STRICT_PROTOTYPES = YES;
				CLANG_WARN_SUSPICIOUS_MOVE = YES;
				CLANG_WARN_UNGUARDED_AVAILABILITY = YES_AGGRESSIVE;
				CLANG_WARN_UNREACHABLE_CODE = YES;
				CLANG_WARN__DUPLICATE_METHOD_MATCH = YES;
				COPY_PHASE_STRIP = NO;
				DEBUG_INFORMATION_FORMAT = dwarf;
				ENABLE_STRICT_OBJC_MSGSEND = YES;
				ENABLE_TESTABILITY = YES;
				GCC_C_LANGUAGE_STANDARD = gnu11;
				GCC_DYNAMIC_NO_PIC = NO;
				GCC_NO_COMMON_BLOCKS = YES;
				GCC_OPTIMIZATION_LEVEL = 0;
				GCC_PREPROCESSOR_DEFINITIONS = (
					"DEBUG=1",
					"$(inherited)",
				);
				GCC_WARN_64_TO_32_BIT_CONVERSION = YES;
				GCC_WARN_ABOUT_RETURN_TYPE = YES_ERROR;
				GCC_WARN_UNDECLARED_SELECTOR = YES;
				GCC_WARN_UNINITIALIZED_AUTOS = YES_AGGRESSIVE;
				GCC_WARN_UNUSED_FUNCTION = YES;
				GCC_WARN_UNUSED_VARIABLE = YES;
				IPHONEOS_DEPLOYMENT_TARGET = 16.2;
				MTL_ENABLE_DEBUG_INFO = INCLUDE_SOURCE;
				MTL_FAST_MATH = YES;
				ONLY_ACTIVE_ARCH = YES;
				SDKROOT = iphoneos;
				SWIFT_ACTIVE_COMPILATION_CONDITIONS = DEBUG;
				SWIFT_OPTIMIZATION_LEVEL = "-Onone";
			};
			name = Debug;
		};
		50DFC8962967BAF5007CED07 /* Release */ = {
			isa = XCBuildConfiguration;
			buildSettings = {
				ALWAYS_SEARCH_USER_PATHS = NO;
				CLANG_ANALYZER_NONNULL = YES;
				CLANG_ANALYZER_NUMBER_OBJECT_CONVERSION = YES_AGGRESSIVE;
				CLANG_CXX_LANGUAGE_STANDARD = "gnu++20";
				CLANG_ENABLE_MODULES = YES;
				CLANG_ENABLE_OBJC_ARC = YES;
				CLANG_ENABLE_OBJC_WEAK = YES;
				CLANG_WARN_BLOCK_CAPTURE_AUTORELEASING = YES;
				CLANG_WARN_BOOL_CONVERSION = YES;
				CLANG_WARN_COMMA = YES;
				CLANG_WARN_CONSTANT_CONVERSION = YES;
				CLANG_WARN_DEPRECATED_OBJC_IMPLEMENTATIONS = YES;
				CLANG_WARN_DIRECT_OBJC_ISA_USAGE = YES_ERROR;
				CLANG_WARN_DOCUMENTATION_COMMENTS = YES;
				CLANG_WARN_EMPTY_BODY = YES;
				CLANG_WARN_ENUM_CONVERSION = YES;
				CLANG_WARN_INFINITE_RECURSION = YES;
				CLANG_WARN_INT_CONVERSION = YES;
				CLANG_WARN_NON_LITERAL_NULL_CONVERSION = YES;
				CLANG_WARN_OBJC_IMPLICIT_RETAIN_SELF = YES;
				CLANG_WARN_OBJC_LITERAL_CONVERSION = YES;
				CLANG_WARN_OBJC_ROOT_CLASS = YES_ERROR;
				CLANG_WARN_QUOTED_INCLUDE_IN_FRAMEWORK_HEADER = YES;
				CLANG_WARN_RANGE_LOOP_ANALYSIS = YES;
				CLANG_WARN_STRICT_PROTOTYPES = YES;
				CLANG_WARN_SUSPICIOUS_MOVE = YES;
				CLANG_WARN_UNGUARDED_AVAILABILITY = YES_AGGRESSIVE;
				CLANG_WARN_UNREACHABLE_CODE = YES;
				CLANG_WARN__DUPLICATE_METHOD_MATCH = YES;
				COPY_PHASE_STRIP = NO;
				DEBUG_INFORMATION_FORMAT = "dwarf-with-dsym";
				ENABLE_NS_ASSERTIONS = NO;
				ENABLE_STRICT_OBJC_MSGSEND = YES;
				GCC_C_LANGUAGE_STANDARD = gnu11;
				GCC_NO_COMMON_BLOCKS = YES;
				GCC_WARN_64_TO_32_BIT_CONVERSION = YES;
				GCC_WARN_ABOUT_RETURN_TYPE = YES_ERROR;
				GCC_WARN_UNDECLARED_SELECTOR = YES;
				GCC_WARN_UNINITIALIZED_AUTOS = YES_AGGRESSIVE;
				GCC_WARN_UNUSED_FUNCTION = YES;
				GCC_WARN_UNUSED_VARIABLE = YES;
				IPHONEOS_DEPLOYMENT_TARGET = 16.2;
				MTL_ENABLE_DEBUG_INFO = NO;
				MTL_FAST_MATH = YES;
				SDKROOT = iphoneos;
				SWIFT_COMPILATION_MODE = wholemodule;
				SWIFT_OPTIMIZATION_LEVEL = "-O";
				VALIDATE_PRODUCT = YES;
			};
			name = Release;
		};
		50DFC8982967BAF5007CED07 /* Debug */ = {
			isa = XCBuildConfiguration;
			buildSettings = {
				ASSETCATALOG_COMPILER_APPICON_NAME = AppIcon;
				ASSETCATALOG_COMPILER_GLOBAL_ACCENT_COLOR_NAME = AccentColor;
				CODE_SIGN_STYLE = Automatic;
				CURRENT_PROJECT_VERSION = 1;
				DEVELOPMENT_ASSET_PATHS = "\"GraphicBoss/Preview Content\"";
				DEVELOPMENT_TEAM = W59W3QVKXJ;
				ENABLE_PREVIEWS = YES;
				GENERATE_INFOPLIST_FILE = YES;
				INFOPLIST_KEY_CFBundleDisplayName = "Graphics Boss";
				INFOPLIST_KEY_LSApplicationCategoryType = "public.app-category.developer-tools";
				INFOPLIST_KEY_UIApplicationSceneManifest_Generation = YES;
				INFOPLIST_KEY_UIApplicationSupportsIndirectInputEvents = YES;
				INFOPLIST_KEY_UILaunchScreen_Generation = YES;
				INFOPLIST_KEY_UISupportedInterfaceOrientations = "UIInterfaceOrientationLandscapeLeft UIInterfaceOrientationLandscapeRight UIInterfaceOrientationPortrait";
				INFOPLIST_KEY_UISupportedInterfaceOrientations_iPad = "UIInterfaceOrientationLandscapeLeft UIInterfaceOrientationLandscapeRight UIInterfaceOrientationPortrait UIInterfaceOrientationPortraitUpsideDown";
				LD_RUNPATH_SEARCH_PATHS = (
					"$(inherited)",
					"@executable_path/Frameworks",
				);
				MARKETING_VERSION = 1.0;
				PRODUCT_BUNDLE_IDENTIFIER = com.mtndev.GraphicBoss;
				PRODUCT_NAME = "$(TARGET_NAME)";
				SWIFT_EMIT_LOC_STRINGS = YES;
				SWIFT_VERSION = 5.0;
				TARGETED_DEVICE_FAMILY = "1,2";
			};
			name = Debug;
		};
		50DFC8992967BAF5007CED07 /* Release */ = {
			isa = XCBuildConfiguration;
			buildSettings = {
				ASSETCATALOG_COMPILER_APPICON_NAME = AppIcon;
				ASSETCATALOG_COMPILER_GLOBAL_ACCENT_COLOR_NAME = AccentColor;
				CODE_SIGN_STYLE = Automatic;
				CURRENT_PROJECT_VERSION = 1;
				DEVELOPMENT_ASSET_PATHS = "\"GraphicBoss/Preview Content\"";
				DEVELOPMENT_TEAM = W59W3QVKXJ;
				ENABLE_PREVIEWS = YES;
				GENERATE_INFOPLIST_FILE = YES;
				INFOPLIST_KEY_CFBundleDisplayName = "Graphics Boss";
				INFOPLIST_KEY_LSApplicationCategoryType = "public.app-category.developer-tools";
				INFOPLIST_KEY_UIApplicationSceneManifest_Generation = YES;
				INFOPLIST_KEY_UIApplicationSupportsIndirectInputEvents = YES;
				INFOPLIST_KEY_UILaunchScreen_Generation = YES;
				INFOPLIST_KEY_UISupportedInterfaceOrientations = "UIInterfaceOrientationLandscapeLeft UIInterfaceOrientationLandscapeRight UIInterfaceOrientationPortrait";
				INFOPLIST_KEY_UISupportedInterfaceOrientations_iPad = "UIInterfaceOrientationLandscapeLeft UIInterfaceOrientationLandscapeRight UIInterfaceOrientationPortrait UIInterfaceOrientationPortraitUpsideDown";
				LD_RUNPATH_SEARCH_PATHS = (
					"$(inherited)",
					"@executable_path/Frameworks",
				);
				MARKETING_VERSION = 1.0;
				PRODUCT_BUNDLE_IDENTIFIER = com.mtndev.GraphicBoss;
				PRODUCT_NAME = "$(TARGET_NAME)";
				SWIFT_EMIT_LOC_STRINGS = YES;
				SWIFT_VERSION = 5.0;
				TARGETED_DEVICE_FAMILY = "1,2";
			};
			name = Release;
		};
		50DFC89B2967BAF5007CED07 /* Debug */ = {
			isa = XCBuildConfiguration;
			buildSettings = {
				ALWAYS_EMBED_SWIFT_STANDARD_LIBRARIES = YES;
				BUNDLE_LOADER = "$(TEST_HOST)";
				CODE_SIGN_STYLE = Automatic;
				CURRENT_PROJECT_VERSION = 1;
				DEVELOPMENT_TEAM = W59W3QVKXJ;
				GENERATE_INFOPLIST_FILE = YES;
				IPHONEOS_DEPLOYMENT_TARGET = 16.2;
				MARKETING_VERSION = 1.0;
				PRODUCT_BUNDLE_IDENTIFIER = com.mtndev.GraphicBossTests;
				PRODUCT_NAME = "$(TARGET_NAME)";
				SWIFT_EMIT_LOC_STRINGS = NO;
				SWIFT_VERSION = 5.0;
				TARGETED_DEVICE_FAMILY = "1,2";
				TEST_HOST = "$(BUILT_PRODUCTS_DIR)/GraphicBoss.app/$(BUNDLE_EXECUTABLE_FOLDER_PATH)/GraphicBoss";
			};
			name = Debug;
		};
		50DFC89C2967BAF5007CED07 /* Release */ = {
			isa = XCBuildConfiguration;
			buildSettings = {
				ALWAYS_EMBED_SWIFT_STANDARD_LIBRARIES = YES;
				BUNDLE_LOADER = "$(TEST_HOST)";
				CODE_SIGN_STYLE = Automatic;
				CURRENT_PROJECT_VERSION = 1;
				DEVELOPMENT_TEAM = W59W3QVKXJ;
				GENERATE_INFOPLIST_FILE = YES;
				IPHONEOS_DEPLOYMENT_TARGET = 16.2;
				MARKETING_VERSION = 1.0;
				PRODUCT_BUNDLE_IDENTIFIER = com.mtndev.GraphicBossTests;
				PRODUCT_NAME = "$(TARGET_NAME)";
				SWIFT_EMIT_LOC_STRINGS = NO;
				SWIFT_VERSION = 5.0;
				TARGETED_DEVICE_FAMILY = "1,2";
				TEST_HOST = "$(BUILT_PRODUCTS_DIR)/GraphicBoss.app/$(BUNDLE_EXECUTABLE_FOLDER_PATH)/GraphicBoss";
			};
			name = Release;
		};
		50DFC89E2967BAF5007CED07 /* Debug */ = {
			isa = XCBuildConfiguration;
			buildSettings = {
				ALWAYS_EMBED_SWIFT_STANDARD_LIBRARIES = YES;
				CODE_SIGN_STYLE = Automatic;
				CURRENT_PROJECT_VERSION = 1;
				DEVELOPMENT_TEAM = W59W3QVKXJ;
				GENERATE_INFOPLIST_FILE = YES;
				MARKETING_VERSION = 1.0;
				PRODUCT_BUNDLE_IDENTIFIER = com.mtndev.GraphicBossUITests;
				PRODUCT_NAME = "$(TARGET_NAME)";
				SWIFT_EMIT_LOC_STRINGS = NO;
				SWIFT_VERSION = 5.0;
				TARGETED_DEVICE_FAMILY = "1,2";
				TEST_TARGET_NAME = GraphicBoss;
			};
			name = Debug;
		};
		50DFC89F2967BAF5007CED07 /* Release */ = {
			isa = XCBuildConfiguration;
			buildSettings = {
				ALWAYS_EMBED_SWIFT_STANDARD_LIBRARIES = YES;
				CODE_SIGN_STYLE = Automatic;
				CURRENT_PROJECT_VERSION = 1;
				DEVELOPMENT_TEAM = W59W3QVKXJ;
				GENERATE_INFOPLIST_FILE = YES;
				MARKETING_VERSION = 1.0;
				PRODUCT_BUNDLE_IDENTIFIER = com.mtndev.GraphicBossUITests;
				PRODUCT_NAME = "$(TARGET_NAME)";
				SWIFT_EMIT_LOC_STRINGS = NO;
				SWIFT_VERSION = 5.0;
				TARGETED_DEVICE_FAMILY = "1,2";
				TEST_TARGET_NAME = GraphicBoss;
			};
			name = Release;
		};
/* End XCBuildConfiguration section */

/* Begin XCConfigurationList section */
		50DFC86E2967BAF4007CED07 /* Build configuration list for PBXProject "GraphicBoss" */ = {
			isa = XCConfigurationList;
			buildConfigurations = (
				50DFC8952967BAF5007CED07 /* Debug */,
				50DFC8962967BAF5007CED07 /* Release */,
			);
			defaultConfigurationIsVisible = 0;
			defaultConfigurationName = Release;
		};
		50DFC8972967BAF5007CED07 /* Build configuration list for PBXNativeTarget "GraphicBoss" */ = {
			isa = XCConfigurationList;
			buildConfigurations = (
				50DFC8982967BAF5007CED07 /* Debug */,
				50DFC8992967BAF5007CED07 /* Release */,
			);
			defaultConfigurationIsVisible = 0;
			defaultConfigurationName = Release;
		};
		50DFC89A2967BAF5007CED07 /* Build configuration list for PBXNativeTarget "GraphicBossTests" */ = {
			isa = XCConfigurationList;
			buildConfigurations = (
				50DFC89B2967BAF5007CED07 /* Debug */,
				50DFC89C2967BAF5007CED07 /* Release */,
			);
			defaultConfigurationIsVisible = 0;
			defaultConfigurationName = Release;
		};
		50DFC89D2967BAF5007CED07 /* Build configuration list for PBXNativeTarget "GraphicBossUITests" */ = {
			isa = XCConfigurationList;
			buildConfigurations = (
				50DFC89E2967BAF5007CED07 /* Debug */,
				50DFC89F2967BAF5007CED07 /* Release */,
			);
			defaultConfigurationIsVisible = 0;
			defaultConfigurationName = Release;
		};
/* End XCConfigurationList section */
	};
	rootObject = 50DFC86B2967BAF4007CED07 /* Project object */;
}
